
Microsoft Visual Studio Solution File, Format Version 12.00
# Visual Studio Version 17
VisualStudioVersion = 17.4.33213.308
MinimumVisualStudioVersion = 10.0.40219.1
Project("{FAE04EC0-301F-11D3-BF4B-00C04F79EFBC}") = "CotizadorExpress", "CotizadorExpress.csproj", "{4590E458-8A0C-4B52-BC38-D0B7B3974CC3}"
EndProject
Global
	GlobalSection(SolutionConfigurationPlatforms) = preSolution
		Debug|Any CPU = Debug|Any CPU
		Release|Any CPU = Release|Any CPU
	EndGlobalSection
	GlobalSection(ProjectConfigurationPlatforms) = postSolution
		{4590E458-8A0C-4B52-BC38-D0B7B3974CC3}.Debug|Any CPU.ActiveCfg = Debug|Any CPU
		{4590E458-8A0C-4B52-BC38-D0B7B3974CC3}.Debug|Any CPU.Build.0 = Debug|Any CPU
		{4590E458-8A0C-4B52-BC38-D0B7B3974CC3}.Release|Any CPU.ActiveCfg = Release|Any CPU
		{4590E458-8A0C-4B52-BC38-D0B7B3974CC3}.Release|Any CPU.Build.0 = Release|Any CPU
	EndGlobalSection
	GlobalSection(SolutionProperties) = preSolution
		HideSolutionNode = FALSE
	EndGlobalSection
	GlobalSection(ExtensibilityGlobals) = postSolution
		SolutionGuid = {5BC0B040-489A-411E-B749-A38FDB0F56AE}
	EndGlobalSection
EndGlobal
